{
    "requires": true,
    "lockfileVersion": 1,
    "dependencies": {
        "async-limiter": {
            "version": "1.0.0",
            "resolved": "https://registry.npmjs.org/async-limiter/-/async-limiter-1.0.0.tgz",
            "integrity": "sha512-jp/uFnooOiO+L211eZOoSyzpOITMXx1rBITauYykG3BRYPu8h0UcxsPNB04RR5vo4Tyz3+ay17tR6JVf9qzYWg=="
        },
        "discord.js": {
            "version": "11.3.2",
            "resolved": "https://registry.npmjs.org/discord.js/-/discord.js-11.3.2.tgz",
            "integrity": "sha512-Abw9CTMX3Jb47IeRffqx2VNSnXl/OsTdQzhvbw/JnqCyqc2imAocc7pX2HoRmgKd8CgSqsjBFBneusz/E16e6A==",
            "requires": {
                "long": "4.0.0",
                "prism-media": "0.0.2",
                "snekfetch": "3.6.4",
                "tweetnacl": "1.0.0",
                "ws": "4.1.0"
            }
        },
        "is-absolute": {
            "version": "0.2.6",
            "resolved": "https://registry.npmjs.org/is-absolute/-/is-absolute-0.2.6.tgz",
            "integrity": "sha1-IN5p89uULvLYe5wto28XIjWxtes=",
            "requires": {
                "is-relative": "0.2.1",
                "is-windows": "0.2.0"
            }
        },
        "is-relative": {
            "version": "0.2.1",
            "resolved": "https://registry.npmjs.org/is-relative/-/is-relative-0.2.1.tgz",
            "integrity": "sha1-0n9MfVFtF1+2ENuEu+7yPDvJeqU=",
            "requires": {
                "is-unc-path": "0.1.2"
            }
        },
        "is-unc-path": {
            "version": "0.1.2",
            "resolved": "https://registry.npmjs.org/is-unc-path/-/is-unc-path-0.1.2.tgz",
            "integrity": "sha1-arBTpyVzwQJQ/0FqOBTDUXivObk=",
            "requires": {
                "unc-path-regex": "0.1.2"
            }
        },
        "is-windows": {
            "version": "0.2.0",
            "resolved": "https://registry.npmjs.org/is-windows/-/is-windows-0.2.0.tgz",
            "integrity": "sha1-3hqm1j6indJIc3tp8f+LgALSEIw="
        },
        "long": {
            "version": "4.0.0",
            "resolved": "https://registry.npmjs.org/long/-/long-4.0.0.tgz",
            "integrity": "sha512-XsP+KhQif4bjX1kbuSiySJFNAehNxgLb6hPRGJ9QsUr8ajHkuXGdrHmFUTUUXhDwVX2R5bY4JNZEwbUiMhV+MA=="
        },
        "minimist": {
            "version": "0.0.8",
            "resolved": "https://registry.npmjs.org/minimist/-/minimist-0.0.8.tgz",
            "integrity": "sha1-hX/Kv8M5fSYluCKCYuhqp6ARsF0="
        },
        "mkdirp": {
            "version": "0.5.1",
            "resolved": "https://registry.npmjs.org/mkdirp/-/mkdirp-0.5.1.tgz",
            "integrity": "sha1-MAV0OOrGz3+MR2fzhkjWaX11yQM=",
            "requires": {
                "minimist": "0.0.8"
            }
        },
        "node-persist": {
            "version": "3.0.1",
            "resolved": "https://registry.npmjs.org/node-persist/-/node-persist-3.0.1.tgz",
            "integrity": "sha512-bNDhJBYhedVQdVCK1zGmaxsNSSKZPiuzi/FeNXBww14yHtEqrXw7efP6IIPFkBIlwHV6E7YHCUNxv2FHDqKt2g==",
            "requires": {
                "is-absolute": "0.2.6",
                "mkdirp": "0.5.1"
            }
        },
        "prism-media": {
            "version": "0.0.2",
            "resolved": "https://registry.npmjs.org/prism-media/-/prism-media-0.0.2.tgz",
            "integrity": "sha512-L6yc8P5NVG35ivzvfI7bcTYzqFV+K8gTfX9YaJbmIFfMXTs71RMnAupvTQPTCteGsiOy9QcNLkQyWjAafY/hCQ=="
        },
        "safe-buffer": {
            "version": "5.1.2",
            "resolved": "https://registry.npmjs.org/safe-buffer/-/safe-buffer-5.1.2.tgz",
            "integrity": "sha512-Gd2UZBJDkXlY7GbJxfsE8/nvKkUEU1G38c1siN6QP6a9PT9MmHB8GnpscSmMJSoF8LOIrt8ud/wPtojys4G6+g=="
        },
        "snekfetch": {
            "version": "3.6.4",
            "resolved": "https://registry.npmjs.org/snekfetch/-/snekfetch-3.6.4.tgz",
            "integrity": "sha512-NjxjITIj04Ffqid5lqr7XdgwM7X61c/Dns073Ly170bPQHLm6jkmelye/eglS++1nfTWktpP6Y2bFXjdPlQqdw=="
        },
        "tweetnacl": {
            "version": "1.0.0",
            "resolved": "https://registry.npmjs.org/tweetnacl/-/tweetnacl-1.0.0.tgz",
            "integrity": "sha1-cT2LgY2kIGh0C/aDhtBHnmb8ins="
        },
        "unc-path-regex": {
            "version": "0.1.2",
            "resolved": "https://registry.npmjs.org/unc-path-regex/-/unc-path-regex-0.1.2.tgz",
            "integrity": "sha1-5z3T17DXxe2G+6xrCufYxqadUPo="
        },
        "ws": {
            "version": "4.1.0",
            "resolved": "https://registry.npmjs.org/ws/-/ws-4.1.0.tgz",
            "integrity": "sha512-ZGh/8kF9rrRNffkLFV4AzhvooEclrOH0xaugmqGsIfFgOE/pIz4fMc4Ef+5HSQqTEug2S9JZIWDR47duDSLfaA==",
            "requires": {
                "async-limiter": "1.0.0",
                "safe-buffer": "5.1.2"
            }
        }
    }
}
